
Microsoft Visual Studio Solution File, Format Version 12.00
# Visual Studio Version 16
VisualStudioVersion = 16.0.29324.140
MinimumVisualStudioVersion = 10.0.40219.1
Project("{9A19103F-16F7-4668-BE54-9A1E7A4F7556}") = "BackgroundJob", "BackgroundJob\BackgroundJob.csproj", "{AE33B7CF-2DFF-45EE-9D68-E1F3AC6D7A4B}"
EndProject
Project("{2150E333-8FDC-42A3-9474-1A3956D46DE8}") = "Samples", "Samples", "{BDF1AF87-5F1E-4B95-9FC5-B8702CCFEDA9}"
EndProject
Project("{9A19103F-16F7-4668-BE54-9A1E7A4F7556}") = "WebApi", "Samples\WebApi\WebApi.csproj", "{3BD9E113-D88B-4BC6-8A84-B45A4E5FB7F9}"
EndProject
Global
	GlobalSection(SolutionConfigurationPlatforms) = preSolution
		Debug|Any CPU = Debug|Any CPU
		Release|Any CPU = Release|Any CPU
	EndGlobalSection
	GlobalSection(ProjectConfigurationPlatforms) = postSolution
		{AE33B7CF-2DFF-45EE-9D68-E1F3AC6D7A4B}.Debug|Any CPU.ActiveCfg = Debug|Any CPU
		{AE33B7CF-2DFF-45EE-9D68-E1F3AC6D7A4B}.Debug|Any CPU.Build.0 = Debug|Any CPU
		{AE33B7CF-2DFF-45EE-9D68-E1F3AC6D7A4B}.Release|Any CPU.ActiveCfg = Release|Any CPU
		{AE33B7CF-2DFF-45EE-9D68-E1F3AC6D7A4B}.Release|Any CPU.Build.0 = Release|Any CPU
		{3BD9E113-D88B-4BC6-8A84-B45A4E5FB7F9}.Debug|Any CPU.ActiveCfg = Debug|Any CPU
		{3BD9E113-D88B-4BC6-8A84-B45A4E5FB7F9}.Debug|Any CPU.Build.0 = Debug|Any CPU
		{3BD9E113-D88B-4BC6-8A84-B45A4E5FB7F9}.Release|Any CPU.ActiveCfg = Release|Any CPU
		{3BD9E113-D88B-4BC6-8A84-B45A4E5FB7F9}.Release|Any CPU.Build.0 = Release|Any CPU
	EndGlobalSection
	GlobalSection(SolutionProperties) = preSolution
		HideSolutionNode = FALSE
	EndGlobalSection
	GlobalSection(NestedProjects) = preSolution
		{3BD9E113-D88B-4BC6-8A84-B45A4E5FB7F9} = {BDF1AF87-5F1E-4B95-9FC5-B8702CCFEDA9}
	EndGlobalSection
	GlobalSection(ExtensibilityGlobals) = postSolution
		SolutionGuid = {524929E8-DD5F-460B-9BC1-449B9F37072A}
	EndGlobalSection
EndGlobal
